{
  "name": "voxora",
  "lockfileVersion": 3,
  "requires": true,
  "packages": {
    "": {
      "dependencies": {
        "react-native-vision-camera-v3-face-detection": "^1.1.3",
        "react-native-vision-camera-v3-pose-detection": "^1.1.3",
        "react-native-worklets-core": "^1.6.3"
      }
    },
    "node_modules/react-native-vision-camera-v3-face-detection": {
      "version": "1.1.3",
      "resolved": "https://registry.npmjs.org/react-native-vision-camera-v3-face-detection/-/react-native-vision-camera-v3-face-detection-1.1.3.tgz",
      "integrity": "sha512-d6osUaWzLoAXzINFhMk8NaF/J5L3hJbPoNvTsHMTWuRxrgjtbhwFf3YOYFnL5HJJi8rpJtkjT7H6L3tDdZe7vw==",
      "license": "MIT",
      "workspaces": [
        "example"
      ],
      "peerDependencies": {
        "react": "*",
        "react-native": "*",
        "react-native-vision-camera": "*"
      }
    },
    "node_modules/react-native-vision-camera-v3-pose-detection": {
      "version": "1.1.3",
      "resolved": "https://registry.npmjs.org/react-native-vision-camera-v3-pose-detection/-/react-native-vision-camera-v3-pose-detection-1.1.3.tgz",
      "integrity": "sha512-crbvxacbrI60O+TCvHx+DvJ2+FjimOPxsGKYT/DyeO18DYfR3XjNt0m5pUIdTCRn4+4d23e0kciOLyuyBO5uWg==",
      "license": "MIT",
      "workspaces": [
        "example"
      ],
      "peerDependencies": {
        "react": "*",
        "react-native": "*",
        "react-native-vision-camera": "*"
      }
    },
    "node_modules/react-native-worklets-core": {
      "version": "1.6.3",
      "resolved": "https://registry.npmjs.org/react-native-worklets-core/-/react-native-worklets-core-1.6.3.tgz",
      "integrity": "sha512-r3Q40XQBccx/iAI5tlyiua+micvO1UGzzUOskNweZUXyfrrE+rb5aqxqruBPqXf90rO+bBiplylLMEAXCLTyGA==",
      "license": "MIT",
      "dependencies": {
        "string-hash-64": "^1.0.3"
      },
      "peerDependencies": {
        "react": "*",
        "react-native": "*"
      }
    },
    "node_modules/string-hash-64": {
      "version": "1.0.3",
      "resolved": "https://registry.npmjs.org/string-hash-64/-/string-hash-64-1.0.3.tgz",
      "integrity": "sha512-D5OKWKvDhyVWWn2x5Y9b+37NUllks34q1dCDhk/vYcso9fmhs+Tl3KR/gE4v5UNj2UA35cnX4KdVVGkG1deKqw==",
      "license": "MIT"
    }
  }
}
